{
  "object": {
    "pins": [
      {
        "package": "KochavaCore",
        "repositoryURL": "https://github.com/Kochava/Apple-SwiftPackage-KochavaCore",
        "state": {
          "branch": null,
          "revision": "0cfd36c9dea3895e9a9823cf0377210918219bd8",
          "version": "4.5.0"
        }
      }
    ]
  },
  "version": 1
}
