{
  "object": {
    "pins": [
      {
        "package": "KochavaCore",
        "repositoryURL": "https://github.com/Kochava/Apple-SwiftPackage-KochavaCore",
        "state": {
          "branch": null,
          "revision": "65d4d79b7f8812db2630c05c32f2c31f0e73f549",
          "version": "7.0.0"
        }
      }
    ]
  },
  "version": 1
}
