{
  "object": {
    "pins": [
      {
        "package": "KochavaCore",
        "repositoryURL": "https://github.com/Kochava/Apple-SwiftPackage-KochavaCore",
        "state": {
          "branch": null,
          "revision": "012f07181d5e0415181ebf44032062815d159c17",
          "version": "7.3.0"
        }
      }
    ]
  },
  "version": 1
}
